
Microsoft Visual Studio Solution File, Format Version 12.00
# Visual Studio 15
VisualStudioVersion = 15.0.27428.2027
MinimumVisualStudioVersion = 10.0.40219.1
Project("{159641D6-6404-4A2A-AE62-294DE0FE8301}") = "cdmscp", "cdmscp\cdmscp.dtproj", "{6C85EC6F-2BFA-4725-969C-B1FEAE29168B}"
EndProject
Project("{2150E333-8FDC-42A3-9474-1A3956D46DE8}") = "sql", "sql", "{B1730D82-EE52-46C4-846C-E04C40122A1F}"
EndProject
Global
	GlobalSection(SolutionConfigurationPlatforms) = preSolution
		Development|Default = Development|Default
	EndGlobalSection
	GlobalSection(ProjectConfigurationPlatforms) = postSolution
		{6C85EC6F-2BFA-4725-969C-B1FEAE29168B}.Development|Default.ActiveCfg = Development
		{6C85EC6F-2BFA-4725-969C-B1FEAE29168B}.Development|Default.Build.0 = Development
	EndGlobalSection
	GlobalSection(SolutionProperties) = preSolution
		HideSolutionNode = FALSE
	EndGlobalSection
	GlobalSection(ExtensibilityGlobals) = postSolution
		SolutionGuid = {02B0A90A-F393-43CD-8815-E415FAD38A91}
	EndGlobalSection
EndGlobal
